
Microsoft Visual Studio Solution File, Format Version 12.00
# Visual Studio 2013
VisualStudioVersion = 12.0.30723.0
MinimumVisualStudioVersion = 10.0.40219.1
Project("{FAE04EC0-301F-11D3-BF4B-00C04F79EFBC}") = "Hebara.Celular.Domain", "Hebara.Celular.Domain\Hebara.Celular.Domain.csproj", "{EAF38367-2387-4729-A3B8-D9F735D59E6E}"
EndProject
Project("{FAE04EC0-301F-11D3-BF4B-00C04F79EFBC}") = "Hebara.Estoque.Data", "Hebara.Estoque.Data\Hebara.Estoque.Data.csproj", "{F14C386B-665B-4F02-B1D8-A3037F4AE4D7}"
EndProject
Global
	GlobalSection(SolutionConfigurationPlatforms) = preSolution
		Debug|Any CPU = Debug|Any CPU
		Release|Any CPU = Release|Any CPU
	EndGlobalSection
	GlobalSection(ProjectConfigurationPlatforms) = postSolution
		{EAF38367-2387-4729-A3B8-D9F735D59E6E}.Debug|Any CPU.ActiveCfg = Debug|Any CPU
		{EAF38367-2387-4729-A3B8-D9F735D59E6E}.Debug|Any CPU.Build.0 = Debug|Any CPU
		{EAF38367-2387-4729-A3B8-D9F735D59E6E}.Release|Any CPU.ActiveCfg = Release|Any CPU
		{EAF38367-2387-4729-A3B8-D9F735D59E6E}.Release|Any CPU.Build.0 = Release|Any CPU
		{F14C386B-665B-4F02-B1D8-A3037F4AE4D7}.Debug|Any CPU.ActiveCfg = Debug|Any CPU
		{F14C386B-665B-4F02-B1D8-A3037F4AE4D7}.Debug|Any CPU.Build.0 = Debug|Any CPU
		{F14C386B-665B-4F02-B1D8-A3037F4AE4D7}.Release|Any CPU.ActiveCfg = Release|Any CPU
		{F14C386B-665B-4F02-B1D8-A3037F4AE4D7}.Release|Any CPU.Build.0 = Release|Any CPU
	EndGlobalSection
	GlobalSection(SolutionProperties) = preSolution
		HideSolutionNode = FALSE
	EndGlobalSection
EndGlobal
